{
  "name": "ktw-projects",
  "version": "1.0.0",
  "lockfileVersion": 3,
  "requires": true,
  "packages": {
    "": {
      "name": "ktw-projects",
      "version": "1.0.0",
      "license": "ISC",
      "dependencies": {
        "zeabur": "^0.5.4"
      }
    },
    "node_modules/zeabur": {
      "version": "0.5.4",
      "resolved": "https://registry.npmjs.org/zeabur/-/zeabur-0.5.4.tgz",
      "integrity": "sha512-LbKtbxzSYArR3dHuniH0O4pYkbZJwqLVW3WW7CjljcLU/Nvmed6rMkEdBtCJy/TbajUSL8fKZPK35WCMFKjWcg==",
      "bin": {
        "zeabur": "index.js"
      }
    }
  }
}
